
Microsoft Visual Studio Solution File, Format Version 10.00
# Visual Studio 2008
Project("{FAE04EC0-301F-11D3-BF4B-00C04F79EFBC}") = "DataBinding2", "DataBinding2.csproj", "{EBFB7B24-5754-4799-9299-69A3D73FD3CA}"
EndProject
Global
	GlobalSection(SolutionConfigurationPlatforms) = preSolution
		Debug|Any CPU = Debug|Any CPU
		Release|Any CPU = Release|Any CPU
	EndGlobalSection
	GlobalSection(ProjectConfigurationPlatforms) = postSolution
		{EBFB7B24-5754-4799-9299-69A3D73FD3CA}.Debug|Any CPU.ActiveCfg = Debug|Any CPU
		{EBFB7B24-5754-4799-9299-69A3D73FD3CA}.Debug|Any CPU.Build.0 = Debug|Any CPU
		{EBFB7B24-5754-4799-9299-69A3D73FD3CA}.Release|Any CPU.ActiveCfg = Release|Any CPU
		{EBFB7B24-5754-4799-9299-69A3D73FD3CA}.Release|Any CPU.Build.0 = Release|Any CPU
	EndGlobalSection
	GlobalSection(SolutionProperties) = preSolution
		HideSolutionNode = FALSE
	EndGlobalSection
EndGlobal
