
Microsoft Visual Studio Solution File, Format Version 10.00
# Visual Studio 2008
Project("{FAE04EC0-301F-11D3-BF4B-00C04F79EFBC}") = "DataBinding3", "DataBinding3.csproj", "{3DDE87C5-3584-44FB-A23A-78247EB0C805}"
EndProject
Global
	GlobalSection(SolutionConfigurationPlatforms) = preSolution
		Debug|Any CPU = Debug|Any CPU
		Release|Any CPU = Release|Any CPU
	EndGlobalSection
	GlobalSection(ProjectConfigurationPlatforms) = postSolution
		{3DDE87C5-3584-44FB-A23A-78247EB0C805}.Debug|Any CPU.ActiveCfg = Debug|Any CPU
		{3DDE87C5-3584-44FB-A23A-78247EB0C805}.Debug|Any CPU.Build.0 = Debug|Any CPU
		{3DDE87C5-3584-44FB-A23A-78247EB0C805}.Release|Any CPU.ActiveCfg = Release|Any CPU
		{3DDE87C5-3584-44FB-A23A-78247EB0C805}.Release|Any CPU.Build.0 = Release|Any CPU
	EndGlobalSection
	GlobalSection(SolutionProperties) = preSolution
		HideSolutionNode = FALSE
	EndGlobalSection
EndGlobal
