
Microsoft Visual Studio Solution File, Format Version 10.00
# Visual Studio 2008
Project("{FAE04EC0-301F-11D3-BF4B-00C04F79EFBC}") = "Anim2", "Anim2.csproj", "{BC58707C-4D8B-4A63-BF9C-38E7623BF3DF}"
EndProject
Global
	GlobalSection(SolutionConfigurationPlatforms) = preSolution
		Debug|Any CPU = Debug|Any CPU
		Release|Any CPU = Release|Any CPU
	EndGlobalSection
	GlobalSection(ProjectConfigurationPlatforms) = postSolution
		{BC58707C-4D8B-4A63-BF9C-38E7623BF3DF}.Debug|Any CPU.ActiveCfg = Debug|Any CPU
		{BC58707C-4D8B-4A63-BF9C-38E7623BF3DF}.Debug|Any CPU.Build.0 = Debug|Any CPU
		{BC58707C-4D8B-4A63-BF9C-38E7623BF3DF}.Release|Any CPU.ActiveCfg = Release|Any CPU
		{BC58707C-4D8B-4A63-BF9C-38E7623BF3DF}.Release|Any CPU.Build.0 = Release|Any CPU
	EndGlobalSection
	GlobalSection(SolutionProperties) = preSolution
		HideSolutionNode = FALSE
	EndGlobalSection
EndGlobal
