
Microsoft Visual Studio Solution File, Format Version 10.00
# Visual Studio 2008
Project("{FAE04EC0-301F-11D3-BF4B-00C04F79EFBC}") = "WpfApp1", "WpfApp1.csproj", "{1038C829-5CAC-4494-ABA2-75A66C8763BE}"
EndProject
Global
	GlobalSection(SolutionConfigurationPlatforms) = preSolution
		Debug|Any CPU = Debug|Any CPU
		Release|Any CPU = Release|Any CPU
	EndGlobalSection
	GlobalSection(ProjectConfigurationPlatforms) = postSolution
		{1038C829-5CAC-4494-ABA2-75A66C8763BE}.Debug|Any CPU.ActiveCfg = Debug|Any CPU
		{1038C829-5CAC-4494-ABA2-75A66C8763BE}.Debug|Any CPU.Build.0 = Debug|Any CPU
		{1038C829-5CAC-4494-ABA2-75A66C8763BE}.Release|Any CPU.ActiveCfg = Release|Any CPU
		{1038C829-5CAC-4494-ABA2-75A66C8763BE}.Release|Any CPU.Build.0 = Release|Any CPU
	EndGlobalSection
	GlobalSection(SolutionProperties) = preSolution
		HideSolutionNode = FALSE
	EndGlobalSection
EndGlobal
